
Microsoft Visual Studio Solution File, Format Version 12.00
# Visual Studio 15
Project("{FAE04EC0-301F-11D3-BF4B-00C04F79EFBC}") = "Assembly-CSharp", "Assembly-CSharp.csproj", "{F5E08358-1455-61D3-BE7F-386BDD81D8D3}"
EndProject
Project("{FAE04EC0-301F-11D3-BF4B-00C04F79EFBC}") = "Assembly-CSharp-Editor", "Assembly-CSharp-Editor.csproj", "{88561497-A625-995D-6427-DE97B4CD8103}"
EndProject
Global
	GlobalSection(SolutionConfigurationPlatforms) = preSolution
		Debug|Any CPU = Debug|Any CPU
		Release|Any CPU = Release|Any CPU
	EndGlobalSection
	GlobalSection(ProjectConfigurationPlatforms) = postSolution
		{F5E08358-1455-61D3-BE7F-386BDD81D8D3}.Debug|Any CPU.ActiveCfg = Debug|Any CPU
		{F5E08358-1455-61D3-BE7F-386BDD81D8D3}.Debug|Any CPU.Build.0 = Debug|Any CPU
		{F5E08358-1455-61D3-BE7F-386BDD81D8D3}.Release|Any CPU.ActiveCfg = Release|Any CPU
		{F5E08358-1455-61D3-BE7F-386BDD81D8D3}.Release|Any CPU.Build.0 = Release|Any CPU
		{88561497-A625-995D-6427-DE97B4CD8103}.Debug|Any CPU.ActiveCfg = Debug|Any CPU
		{88561497-A625-995D-6427-DE97B4CD8103}.Debug|Any CPU.Build.0 = Debug|Any CPU
		{88561497-A625-995D-6427-DE97B4CD8103}.Release|Any CPU.ActiveCfg = Release|Any CPU
		{88561497-A625-995D-6427-DE97B4CD8103}.Release|Any CPU.Build.0 = Release|Any CPU
	EndGlobalSection
	GlobalSection(SolutionProperties) = preSolution
		HideSolutionNode = FALSE
	EndGlobalSection
EndGlobal
